
Microsoft Visual Studio Solution File, Format Version 12.00
# Visual Studio Version 17
VisualStudioVersion = 17.3.32922.545
MinimumVisualStudioVersion = 10.0.40219.1
Project("{9A19103F-16F7-4668-BE54-9A1E7A4F7556}") = "GameAnarchy", "GameAnarchy\GameAnarchy.csproj", "{E13A5CC5-CCD1-4616-AF1A-ECD45911CA96}"
EndProject
Project("{2150E333-8FDC-42A3-9474-1A3956D46DE8}") = "MbyronModsCommon", "MbyronModsCommon", "{D8F0D806-CAEA-455C-AE17-6FDCF75F8A05}"
EndProject
Project("{D954291E-2A0B-460D-934E-DC6B0785DB48}") = "MbyronModsCommon", "MbyronModsCommon\MbyronModsCommon\MbyronModsCommon.shproj", "{6C5E0FC8-FBAA-4FA1-AF55-FD675486E4E7}"
EndProject
Global
	GlobalSection(SolutionConfigurationPlatforms) = preSolution
		Beta Debug|Any CPU = Beta Debug|Any CPU
		Beta Release|Any CPU = Beta Release|Any CPU
		Stable Debug|Any CPU = Stable Debug|Any CPU
		Stable Release|Any CPU = Stable Release|Any CPU
	EndGlobalSection
	GlobalSection(ProjectConfigurationPlatforms) = postSolution
		{E13A5CC5-CCD1-4616-AF1A-ECD45911CA96}.Beta Debug|Any CPU.ActiveCfg = Beta Debug|Any CPU
		{E13A5CC5-CCD1-4616-AF1A-ECD45911CA96}.Beta Debug|Any CPU.Build.0 = Beta Debug|Any CPU
		{E13A5CC5-CCD1-4616-AF1A-ECD45911CA96}.Beta Release|Any CPU.ActiveCfg = Beta Release|Any CPU
		{E13A5CC5-CCD1-4616-AF1A-ECD45911CA96}.Beta Release|Any CPU.Build.0 = Beta Release|Any CPU
		{E13A5CC5-CCD1-4616-AF1A-ECD45911CA96}.Stable Debug|Any CPU.ActiveCfg = Stable Debug|Any CPU
		{E13A5CC5-CCD1-4616-AF1A-ECD45911CA96}.Stable Debug|Any CPU.Build.0 = Stable Debug|Any CPU
		{E13A5CC5-CCD1-4616-AF1A-ECD45911CA96}.Stable Release|Any CPU.ActiveCfg = Stable Release|Any CPU
		{E13A5CC5-CCD1-4616-AF1A-ECD45911CA96}.Stable Release|Any CPU.Build.0 = Stable Release|Any CPU
	EndGlobalSection
	GlobalSection(SolutionProperties) = preSolution
		HideSolutionNode = FALSE
	EndGlobalSection
	GlobalSection(NestedProjects) = preSolution
		{6C5E0FC8-FBAA-4FA1-AF55-FD675486E4E7} = {D8F0D806-CAEA-455C-AE17-6FDCF75F8A05}
	EndGlobalSection
	GlobalSection(ExtensibilityGlobals) = postSolution
		SolutionGuid = {039F761E-9CCF-415C-B080-D4A25DE4C905}
	EndGlobalSection
	GlobalSection(SharedMSBuildProjectFiles) = preSolution
		MbyronModsCommon\MbyronModsCommon\MbyronModsCommon.projitems*{6c5e0fc8-fbaa-4fa1-af55-fd675486e4e7}*SharedItemsImports = 13
		MbyronModsCommon\MbyronModsCommon\MbyronModsCommon.projitems*{e13a5cc5-ccd1-4616-af1a-ecd45911ca96}*SharedItemsImports = 5
	EndGlobalSection
EndGlobal
