
Microsoft Visual Studio Solution File, Format Version 12.00
# Visual Studio Version 17
VisualStudioVersion = 17.3.32922.545
MinimumVisualStudioVersion = 10.0.40219.1
Project("{9A19103F-16F7-4668-BE54-9A1E7A4F7556}") = "GameAnarchy", "GameAnarchy\GameAnarchy.csproj", "{E13A5CC5-CCD1-4616-AF1A-ECD45911CA96}"
EndProject
Project("{2150E333-8FDC-42A3-9474-1A3956D46DE8}") = "MbyronModsCommonShared", "MbyronModsCommonShared", "{A6A5806E-9E3B-47FC-8B3D-102057C29A45}"
EndProject
Project("{D954291E-2A0B-460D-934E-DC6B0785DB48}") = "KeyBindingShared", "MbyronModsCommonShared\KeyBindingShared\KeyBindingShared.shproj", "{8BCA411E-2D43-4E9B-8A2A-64FD06DEBCE9}"
EndProject
Project("{D954291E-2A0B-460D-934E-DC6B0785DB48}") = "MessageBoxShared", "MbyronModsCommonShared\MessageBoxShared\MessageBoxShared.shproj", "{DE5BDBEC-9A06-400C-B1B0-1FB97D16C060}"
EndProject
Project("{D954291E-2A0B-460D-934E-DC6B0785DB48}") = "ModBaseShared", "MbyronModsCommonShared\ModBaseShared\ModBaseShared.shproj", "{9D33E154-918C-4D4C-936E-36FDA3D28D28}"
EndProject
Project("{D954291E-2A0B-460D-934E-DC6B0785DB48}") = "ModUtilsShared", "MbyronModsCommonShared\ModUtilsShared\ModUtilsShared.shproj", "{9070DBF9-5E82-43F8-8C32-99FB000F5608}"
EndProject
Project("{D954291E-2A0B-460D-934E-DC6B0785DB48}") = "OptionPanelShared", "MbyronModsCommonShared\OptionPanelShared\OptionPanelShared.shproj", "{3D4677BF-9BA5-471A-A08E-EF3C666DB60E}"
EndProject
Project("{D954291E-2A0B-460D-934E-DC6B0785DB48}") = "UIShared", "MbyronModsCommonShared\UIShared\UIShared.shproj", "{3EB3690C-1FA5-4960-BA1F-9C4B93B8C8C8}"
EndProject
Project("{2150E333-8FDC-42A3-9474-1A3956D46DE8}") = "Localization", "Localization", "{BB5324C1-C1DF-4020-BEC5-72800B05D0CA}"
EndProject
Project("{D954291E-2A0B-460D-934E-DC6B0785DB48}") = "CommonLocaleShared", "MbyronModsCommonShared\LocalizationShared\CommonLocaleShared\CommonLocaleShared.shproj", "{0F944367-8CA7-4A25-B294-7C02D3057436}"
EndProject
Project("{D954291E-2A0B-460D-934E-DC6B0785DB48}") = "CommonLocaleShared.zh-CN", "MbyronModsCommonShared\LocalizationShared\CommonLocaleShared.zh-CN\CommonLocaleShared.zh-CN.shproj", "{45FBFBF3-F423-4F3F-BA0A-424904D05BB1}"
EndProject
Project("{D954291E-2A0B-460D-934E-DC6B0785DB48}") = "CommonLocaleShared.ja", "MbyronModsCommonShared\LocalizationShared\CommonLocaleShared.ja\CommonLocaleShared.ja.shproj", "{C607D2F8-F163-449B-8E30-E416FE660588}"
EndProject
Project("{D954291E-2A0B-460D-934E-DC6B0785DB48}") = "CommonLocaleShared.de", "MbyronModsCommonShared\LocalizationShared\CommonLocaleShared.de\CommonLocaleShared.de.shproj", "{0F442F43-816D-42B5-8C16-2CFF994EFF6E}"
EndProject
Project("{D954291E-2A0B-460D-934E-DC6B0785DB48}") = "CommonLocaleShared.pl", "MbyronModsCommonShared\LocalizationShared\CommonLocaleShared.pl\CommonLocaleShared.pl.shproj", "{4455D6BC-C944-4988-82FF-7575EE01D4D9}"
EndProject
Project("{D954291E-2A0B-460D-934E-DC6B0785DB48}") = "CommonLocaleShared.ru", "MbyronModsCommonShared\LocalizationShared\CommonLocaleShared.ru\CommonLocaleShared.ru.shproj", "{FB432CE5-5939-44BC-84B6-175B57F7570A}"
EndProject
Project("{D954291E-2A0B-460D-934E-DC6B0785DB48}") = "CommonLocaleShared.en", "MbyronModsCommonShared\LocalizationShared\CommonLocaleShared.en\CommonLocaleShared.en.shproj", "{1DA7015F-A7C4-427D-AF0E-A44F6AC5CFDE}"
EndProject
Project("{D954291E-2A0B-460D-934E-DC6B0785DB48}") = "CommonLocaleShared.es-ES", "MbyronModsCommonShared\LocalizationShared\CommonLocaleShared.es-ES\CommonLocaleShared.es-ES.shproj", "{C3618398-8064-4779-BA2C-DFBE6185D337}"
EndProject
Project("{D954291E-2A0B-460D-934E-DC6B0785DB48}") = "CommonLocaleShared.it", "MbyronModsCommonShared\LocalizationShared\CommonLocaleShared.it\CommonLocaleShared.it.shproj", "{2B2858CF-3A2A-442A-B744-91F84B80733E}"
EndProject
Global
	GlobalSection(SolutionConfigurationPlatforms) = preSolution
		Debug|Any CPU = Debug|Any CPU
		Release|Any CPU = Release|Any CPU
	EndGlobalSection
	GlobalSection(ProjectConfigurationPlatforms) = postSolution
		{E13A5CC5-CCD1-4616-AF1A-ECD45911CA96}.Debug|Any CPU.ActiveCfg = Debug|Any CPU
		{E13A5CC5-CCD1-4616-AF1A-ECD45911CA96}.Debug|Any CPU.Build.0 = Debug|Any CPU
		{E13A5CC5-CCD1-4616-AF1A-ECD45911CA96}.Release|Any CPU.ActiveCfg = Release|Any CPU
		{E13A5CC5-CCD1-4616-AF1A-ECD45911CA96}.Release|Any CPU.Build.0 = Release|Any CPU
	EndGlobalSection
	GlobalSection(SolutionProperties) = preSolution
		HideSolutionNode = FALSE
	EndGlobalSection
	GlobalSection(NestedProjects) = preSolution
		{8BCA411E-2D43-4E9B-8A2A-64FD06DEBCE9} = {A6A5806E-9E3B-47FC-8B3D-102057C29A45}
		{DE5BDBEC-9A06-400C-B1B0-1FB97D16C060} = {A6A5806E-9E3B-47FC-8B3D-102057C29A45}
		{9D33E154-918C-4D4C-936E-36FDA3D28D28} = {A6A5806E-9E3B-47FC-8B3D-102057C29A45}
		{9070DBF9-5E82-43F8-8C32-99FB000F5608} = {A6A5806E-9E3B-47FC-8B3D-102057C29A45}
		{3D4677BF-9BA5-471A-A08E-EF3C666DB60E} = {A6A5806E-9E3B-47FC-8B3D-102057C29A45}
		{3EB3690C-1FA5-4960-BA1F-9C4B93B8C8C8} = {A6A5806E-9E3B-47FC-8B3D-102057C29A45}
		{BB5324C1-C1DF-4020-BEC5-72800B05D0CA} = {A6A5806E-9E3B-47FC-8B3D-102057C29A45}
		{0F944367-8CA7-4A25-B294-7C02D3057436} = {BB5324C1-C1DF-4020-BEC5-72800B05D0CA}
		{45FBFBF3-F423-4F3F-BA0A-424904D05BB1} = {BB5324C1-C1DF-4020-BEC5-72800B05D0CA}
		{C607D2F8-F163-449B-8E30-E416FE660588} = {BB5324C1-C1DF-4020-BEC5-72800B05D0CA}
		{0F442F43-816D-42B5-8C16-2CFF994EFF6E} = {BB5324C1-C1DF-4020-BEC5-72800B05D0CA}
		{4455D6BC-C944-4988-82FF-7575EE01D4D9} = {BB5324C1-C1DF-4020-BEC5-72800B05D0CA}
		{FB432CE5-5939-44BC-84B6-175B57F7570A} = {BB5324C1-C1DF-4020-BEC5-72800B05D0CA}
		{1DA7015F-A7C4-427D-AF0E-A44F6AC5CFDE} = {BB5324C1-C1DF-4020-BEC5-72800B05D0CA}
		{C3618398-8064-4779-BA2C-DFBE6185D337} = {BB5324C1-C1DF-4020-BEC5-72800B05D0CA}
		{2B2858CF-3A2A-442A-B744-91F84B80733E} = {BB5324C1-C1DF-4020-BEC5-72800B05D0CA}
	EndGlobalSection
	GlobalSection(ExtensibilityGlobals) = postSolution
		SolutionGuid = {039F761E-9CCF-415C-B080-D4A25DE4C905}
	EndGlobalSection
	GlobalSection(SharedMSBuildProjectFiles) = preSolution
		MbyronModsCommonShared\LocalizationShared\CommonLocaleShared.de\CommonLocaleShared.de.projitems*{0f442f43-816d-42b5-8c16-2cff994eff6e}*SharedItemsImports = 13
		MbyronModsCommonShared\LocalizationShared\CommonLocaleShared\CommonLocaleShared.projitems*{0f944367-8ca7-4a25-b294-7c02d3057436}*SharedItemsImports = 13
		MbyronModsCommonShared\LocalizationShared\CommonLocaleShared.en\CommonLocaleShared.en.projitems*{1da7015f-a7c4-427d-af0e-a44f6ac5cfde}*SharedItemsImports = 13
		MbyronModsCommonShared\LocalizationShared\CommonLocaleShared.it\CommonLocaleShared.it.projitems*{2b2858cf-3a2a-442a-b744-91f84b80733e}*SharedItemsImports = 13
		MbyronModsCommonShared\OptionPanelShared\OptionPanelShared.projitems*{3d4677bf-9ba5-471a-a08e-ef3c666db60e}*SharedItemsImports = 13
		MbyronModsCommonShared\UIShared\UIShared.projitems*{3eb3690c-1fa5-4960-ba1f-9c4b93b8c8c8}*SharedItemsImports = 13
		MbyronModsCommonShared\LocalizationShared\CommonLocaleShared.pl\CommonLocaleShared.pl.projitems*{4455d6bc-c944-4988-82ff-7575ee01d4d9}*SharedItemsImports = 13
		MbyronModsCommonShared\LocalizationShared\CommonLocaleShared.zh-CN\CommonLocaleShared.zh-CN.projitems*{45fbfbf3-f423-4f3f-ba0a-424904d05bb1}*SharedItemsImports = 13
		MbyronModsCommonShared\KeyBindingShared\KeyBindingShared.projitems*{8bca411e-2d43-4e9b-8a2a-64fd06debce9}*SharedItemsImports = 13
		MbyronModsCommonShared\ModUtilsShared\ModUtilsShared.projitems*{9070dbf9-5e82-43f8-8c32-99fb000f5608}*SharedItemsImports = 13
		MbyronModsCommonShared\ModBaseShared\ModBaseShared.projitems*{9d33e154-918c-4d4c-936e-36fda3d28d28}*SharedItemsImports = 13
		MbyronModsCommonShared\LocalizationShared\CommonLocaleShared.es-ES\CommonLocaleShared.es-ES.projitems*{c3618398-8064-4779-ba2c-dfbe6185d337}*SharedItemsImports = 13
		MbyronModsCommonShared\LocalizationShared\CommonLocaleShared.ja\CommonLocaleShared.ja.projitems*{c607d2f8-f163-449b-8e30-e416fe660588}*SharedItemsImports = 13
		MbyronModsCommonShared\MessageBoxShared\MessageBoxShared.projitems*{de5bdbec-9a06-400c-b1b0-1fb97d16c060}*SharedItemsImports = 13
		MbyronModsCommonShared\KeyBindingShared\KeyBindingShared.projitems*{e13a5cc5-ccd1-4616-af1a-ecd45911ca96}*SharedItemsImports = 5
		MbyronModsCommonShared\LocalizationShared\CommonLocaleShared.de\CommonLocaleShared.de.projitems*{e13a5cc5-ccd1-4616-af1a-ecd45911ca96}*SharedItemsImports = 5
		MbyronModsCommonShared\LocalizationShared\CommonLocaleShared.en\CommonLocaleShared.en.projitems*{e13a5cc5-ccd1-4616-af1a-ecd45911ca96}*SharedItemsImports = 5
		MbyronModsCommonShared\LocalizationShared\CommonLocaleShared.es-ES\CommonLocaleShared.es-ES.projitems*{e13a5cc5-ccd1-4616-af1a-ecd45911ca96}*SharedItemsImports = 5
		MbyronModsCommonShared\LocalizationShared\CommonLocaleShared.it\CommonLocaleShared.it.projitems*{e13a5cc5-ccd1-4616-af1a-ecd45911ca96}*SharedItemsImports = 5
		MbyronModsCommonShared\LocalizationShared\CommonLocaleShared.ja\CommonLocaleShared.ja.projitems*{e13a5cc5-ccd1-4616-af1a-ecd45911ca96}*SharedItemsImports = 5
		MbyronModsCommonShared\LocalizationShared\CommonLocaleShared.pl\CommonLocaleShared.pl.projitems*{e13a5cc5-ccd1-4616-af1a-ecd45911ca96}*SharedItemsImports = 5
		MbyronModsCommonShared\LocalizationShared\CommonLocaleShared.ru\CommonLocaleShared.ru.projitems*{e13a5cc5-ccd1-4616-af1a-ecd45911ca96}*SharedItemsImports = 5
		MbyronModsCommonShared\LocalizationShared\CommonLocaleShared.zh-CN\CommonLocaleShared.zh-CN.projitems*{e13a5cc5-ccd1-4616-af1a-ecd45911ca96}*SharedItemsImports = 5
		MbyronModsCommonShared\LocalizationShared\CommonLocaleShared\CommonLocaleShared.projitems*{e13a5cc5-ccd1-4616-af1a-ecd45911ca96}*SharedItemsImports = 5
		MbyronModsCommonShared\MessageBoxShared\MessageBoxShared.projitems*{e13a5cc5-ccd1-4616-af1a-ecd45911ca96}*SharedItemsImports = 5
		MbyronModsCommonShared\ModBaseShared\ModBaseShared.projitems*{e13a5cc5-ccd1-4616-af1a-ecd45911ca96}*SharedItemsImports = 5
		MbyronModsCommonShared\ModUtilsShared\ModUtilsShared.projitems*{e13a5cc5-ccd1-4616-af1a-ecd45911ca96}*SharedItemsImports = 5
		MbyronModsCommonShared\OptionPanelShared\OptionPanelShared.projitems*{e13a5cc5-ccd1-4616-af1a-ecd45911ca96}*SharedItemsImports = 5
		MbyronModsCommonShared\UIShared\UIShared.projitems*{e13a5cc5-ccd1-4616-af1a-ecd45911ca96}*SharedItemsImports = 5
		MbyronModsCommonShared\LocalizationShared\CommonLocaleShared.ru\CommonLocaleShared.ru.projitems*{fb432ce5-5939-44bc-84b6-175b57f7570a}*SharedItemsImports = 13
	EndGlobalSection
EndGlobal
