
Microsoft Visual Studio Solution File, Format Version 12.00
# Visual Studio Version 17
VisualStudioVersion = 17.3.32922.545
MinimumVisualStudioVersion = 10.0.40219.1
Project("{9A19103F-16F7-4668-BE54-9A1E7A4F7556}") = "GameAnarchy", "GameAnarchy\GameAnarchy.csproj", "{E13A5CC5-CCD1-4616-AF1A-ECD45911CA96}"
EndProject
Project("{2150E333-8FDC-42A3-9474-1A3956D46DE8}") = "Shared", "Shared", "{967B34A1-E6FE-412C-A18E-B3DF3799D46C}"
EndProject
Project("{D954291E-2A0B-460D-934E-DC6B0785DB48}") = "CSShared", "..\..\..\CSShared\CSShared\CSShared.shproj", "{9C0013DB-AC35-420D-97BB-F868086E1521}"
EndProject
Project("{D954291E-2A0B-460D-934E-DC6B0785DB48}") = "CSShared.Patch", "..\..\..\CSShared\CSShared.Patch\CSShared.Patch.shproj", "{6727E296-104A-4525-998F-B3ED19029F60}"
EndProject
Project("{D954291E-2A0B-460D-934E-DC6B0785DB48}") = "CSShared.ToolButton", "..\..\..\CSShared\CSShared.ToolButton\CSShared.ToolButton.shproj", "{B8BC3C15-A49C-4116-85AD-617389C4A9FD}"
EndProject
Global
	GlobalSection(SolutionConfigurationPlatforms) = preSolution
		Beta Debug|Any CPU = Beta Debug|Any CPU
		Beta Release|Any CPU = Beta Release|Any CPU
		Stable Debug|Any CPU = Stable Debug|Any CPU
		Stable Release|Any CPU = Stable Release|Any CPU
	EndGlobalSection
	GlobalSection(ProjectConfigurationPlatforms) = postSolution
		{E13A5CC5-CCD1-4616-AF1A-ECD45911CA96}.Beta Debug|Any CPU.ActiveCfg = Beta Debug|Any CPU
		{E13A5CC5-CCD1-4616-AF1A-ECD45911CA96}.Beta Debug|Any CPU.Build.0 = Beta Debug|Any CPU
		{E13A5CC5-CCD1-4616-AF1A-ECD45911CA96}.Beta Release|Any CPU.ActiveCfg = Beta Release|Any CPU
		{E13A5CC5-CCD1-4616-AF1A-ECD45911CA96}.Beta Release|Any CPU.Build.0 = Beta Release|Any CPU
		{E13A5CC5-CCD1-4616-AF1A-ECD45911CA96}.Stable Debug|Any CPU.ActiveCfg = Stable Debug|Any CPU
		{E13A5CC5-CCD1-4616-AF1A-ECD45911CA96}.Stable Debug|Any CPU.Build.0 = Stable Debug|Any CPU
		{E13A5CC5-CCD1-4616-AF1A-ECD45911CA96}.Stable Release|Any CPU.ActiveCfg = Stable Release|Any CPU
		{E13A5CC5-CCD1-4616-AF1A-ECD45911CA96}.Stable Release|Any CPU.Build.0 = Stable Release|Any CPU
	EndGlobalSection
	GlobalSection(SolutionProperties) = preSolution
		HideSolutionNode = FALSE
	EndGlobalSection
	GlobalSection(NestedProjects) = preSolution
		{9C0013DB-AC35-420D-97BB-F868086E1521} = {967B34A1-E6FE-412C-A18E-B3DF3799D46C}
		{6727E296-104A-4525-998F-B3ED19029F60} = {967B34A1-E6FE-412C-A18E-B3DF3799D46C}
		{B8BC3C15-A49C-4116-85AD-617389C4A9FD} = {967B34A1-E6FE-412C-A18E-B3DF3799D46C}
	EndGlobalSection
	GlobalSection(ExtensibilityGlobals) = postSolution
		SolutionGuid = {039F761E-9CCF-415C-B080-D4A25DE4C905}
	EndGlobalSection
	GlobalSection(SharedMSBuildProjectFiles) = preSolution
		..\..\..\CSShared\CSShared.Patch\CSShared.Patch.projitems*{6727e296-104a-4525-998f-b3ed19029f60}*SharedItemsImports = 13
		..\..\..\CSShared\CSShared\CSShared.projitems*{9c0013db-ac35-420d-97bb-f868086e1521}*SharedItemsImports = 13
		..\..\..\CSShared\CSShared.ToolButton\CSShared.ToolButton.projitems*{b8bc3c15-a49c-4116-85ad-617389c4a9fd}*SharedItemsImports = 13
		..\..\..\CSShared\CSShared.Patch\CSShared.Patch.projitems*{e13a5cc5-ccd1-4616-af1a-ecd45911ca96}*SharedItemsImports = 5
		..\..\..\CSShared\CSShared.ToolButton\CSShared.ToolButton.projitems*{e13a5cc5-ccd1-4616-af1a-ecd45911ca96}*SharedItemsImports = 5
		..\..\..\CSShared\CSShared\CSShared.projitems*{e13a5cc5-ccd1-4616-af1a-ecd45911ca96}*SharedItemsImports = 5
	EndGlobalSection
EndGlobal
