
Microsoft Visual Studio Solution File, Format Version 12.00
# Visual Studio Version 17
VisualStudioVersion = 17.4.33213.308
MinimumVisualStudioVersion = 10.0.40219.1
Project("{D954291E-2A0B-460D-934E-DC6B0785DB48}") = "MbyronModsCommon", "MbyronModsCommon\MbyronModsCommon.shproj", "{6C5E0FC8-FBAA-4FA1-AF55-FD675486E4E7}"
EndProject
Project("{9A19103F-16F7-4668-BE54-9A1E7A4F7556}") = "Localize", "MbyronModsCommon\Localize\Localize.csproj", "{195BA8C1-6759-409D-9E81-D6E547990170}"
EndProject
Global
	GlobalSection(SolutionConfigurationPlatforms) = preSolution
		Debug|Any CPU = Debug|Any CPU
		Debug|arm64 = Debug|arm64
		Debug|x86 = Debug|x86
		Release|Any CPU = Release|Any CPU
		Release|arm64 = Release|arm64
		Release|x86 = Release|x86
	EndGlobalSection
	GlobalSection(ProjectConfigurationPlatforms) = postSolution
		{195BA8C1-6759-409D-9E81-D6E547990170}.Debug|Any CPU.ActiveCfg = Debug|Any CPU
		{195BA8C1-6759-409D-9E81-D6E547990170}.Debug|Any CPU.Build.0 = Debug|Any CPU
		{195BA8C1-6759-409D-9E81-D6E547990170}.Debug|arm64.ActiveCfg = Debug|Any CPU
		{195BA8C1-6759-409D-9E81-D6E547990170}.Debug|arm64.Build.0 = Debug|Any CPU
		{195BA8C1-6759-409D-9E81-D6E547990170}.Debug|x86.ActiveCfg = Debug|Any CPU
		{195BA8C1-6759-409D-9E81-D6E547990170}.Debug|x86.Build.0 = Debug|Any CPU
		{195BA8C1-6759-409D-9E81-D6E547990170}.Release|Any CPU.ActiveCfg = Release|Any CPU
		{195BA8C1-6759-409D-9E81-D6E547990170}.Release|Any CPU.Build.0 = Release|Any CPU
		{195BA8C1-6759-409D-9E81-D6E547990170}.Release|arm64.ActiveCfg = Release|Any CPU
		{195BA8C1-6759-409D-9E81-D6E547990170}.Release|arm64.Build.0 = Release|Any CPU
		{195BA8C1-6759-409D-9E81-D6E547990170}.Release|x86.ActiveCfg = Release|Any CPU
		{195BA8C1-6759-409D-9E81-D6E547990170}.Release|x86.Build.0 = Release|Any CPU
	EndGlobalSection
	GlobalSection(SolutionProperties) = preSolution
		HideSolutionNode = FALSE
	EndGlobalSection
	GlobalSection(ExtensibilityGlobals) = postSolution
		SolutionGuid = {A88849CF-D37B-44B8-AF6D-37B9C5789ACB}
	EndGlobalSection
	GlobalSection(SharedMSBuildProjectFiles) = preSolution
		MbyronModsCommon\MbyronModsCommon.projitems*{6c5e0fc8-fbaa-4fa1-af55-fd675486e4e7}*SharedItemsImports = 13
	EndGlobalSection
EndGlobal
